
Microsoft Visual Studio Solution File, Format Version 12.00
# Visual Studio Version 17
VisualStudioVersion = 17.0.31903.59
MinimumVisualStudioVersion = 10.0.40219.1
Project("{2150E333-8FDC-42A3-9474-1A3956D46DE8}") = "ConsoleApp", "ConsoleApp", "{F2EBAB6B-C2B7-4769-A65C-947210356C11}"
EndProject
Project("{2150E333-8FDC-42A3-9474-1A3956D46DE8}") = "Service", "Service", "{8BD85032-C023-450F-A6DD-AE7C208C1F5C}"
EndProject
Project("{FAE04EC0-301F-11D3-BF4B-00C04F79EFBC}") = "LocalizaEndereco.Console", "LocalizaEndereco.Console\LocalizaEndereco.Console.csproj", "{8E50A68F-2BF6-407D-8E64-0C05A702AF43}"
	ProjectSection(ProjectDependencies) = postProject
		{AA0404C1-9F25-4AEE-BC8D-80E7C6BB2E70} = {AA0404C1-9F25-4AEE-BC8D-80E7C6BB2E70}
	EndProjectSection
EndProject
Project("{FAE04EC0-301F-11D3-BF4B-00C04F79EFBC}") = "LocalizaEndereco.Service", "LocalizaEndereco.Service\LocalizaEndereco.Service.csproj", "{AA0404C1-9F25-4AEE-BC8D-80E7C6BB2E70}"
EndProject
Global
	GlobalSection(SolutionConfigurationPlatforms) = preSolution
		Debug|Any CPU = Debug|Any CPU
		Release|Any CPU = Release|Any CPU
	EndGlobalSection
	GlobalSection(ProjectConfigurationPlatforms) = postSolution
		{8E50A68F-2BF6-407D-8E64-0C05A702AF43}.Debug|Any CPU.ActiveCfg = Debug|Any CPU
		{8E50A68F-2BF6-407D-8E64-0C05A702AF43}.Debug|Any CPU.Build.0 = Debug|Any CPU
		{8E50A68F-2BF6-407D-8E64-0C05A702AF43}.Release|Any CPU.ActiveCfg = Release|Any CPU
		{8E50A68F-2BF6-407D-8E64-0C05A702AF43}.Release|Any CPU.Build.0 = Release|Any CPU
		{AA0404C1-9F25-4AEE-BC8D-80E7C6BB2E70}.Debug|Any CPU.ActiveCfg = Debug|Any CPU
		{AA0404C1-9F25-4AEE-BC8D-80E7C6BB2E70}.Debug|Any CPU.Build.0 = Debug|Any CPU
		{AA0404C1-9F25-4AEE-BC8D-80E7C6BB2E70}.Release|Any CPU.ActiveCfg = Release|Any CPU
		{AA0404C1-9F25-4AEE-BC8D-80E7C6BB2E70}.Release|Any CPU.Build.0 = Release|Any CPU
	EndGlobalSection
	GlobalSection(SolutionProperties) = preSolution
		HideSolutionNode = FALSE
	EndGlobalSection
	GlobalSection(NestedProjects) = preSolution
		{8E50A68F-2BF6-407D-8E64-0C05A702AF43} = {F2EBAB6B-C2B7-4769-A65C-947210356C11}
		{AA0404C1-9F25-4AEE-BC8D-80E7C6BB2E70} = {8BD85032-C023-450F-A6DD-AE7C208C1F5C}
	EndGlobalSection
	GlobalSection(ExtensibilityGlobals) = postSolution
		SolutionGuid = {72912D00-F87C-4228-B97C-AA1D3C7D0567}
	EndGlobalSection
EndGlobal
